// !$*UTF8*$!
{
	archiveVersion = 1;
	classes = {
	};
	objectVersion = 48;
	objects = {

/* Begin PBXBuildFile section */
		64515CDE1FDBF0020052C0E3 /* AppDelegate.swift in Sources */ = {isa = PBXBuildFile; fileRef = 64515CDD1FDBF0020052C0E3 /* AppDelegate.swift */; };
		64515CE51FDBF0020052C0E3 /* Main.storyboard in Resources */ = {isa = PBXBuildFile; fileRef = 64515CE31FDBF0020052C0E3 /* Main.storyboard */; };
		64515CEA1FDBF0020052C0E3 /* LaunchScreen.storyboard in Resources */ = {isa = PBXBuildFile; fileRef = 64515CE81FDBF0020052C0E3 /* LaunchScreen.storyboard */; };
		64515CF51FDBF0020052C0E3 /* bookMarketAppTests.swift in Sources */ = {isa = PBXBuildFile; fileRef = 64515CF41FDBF0020052C0E3 /* bookMarketAppTests.swift */; };
		64515D001FDBF0030052C0E3 /* bookMarketAppUITests.swift in Sources */ = {isa = PBXBuildFile; fileRef = 64515CFF1FDBF0030052C0E3 /* bookMarketAppUITests.swift */; };
		64515D0E1FDBF1C80052C0E3 /* Home.storyboard in Resources */ = {isa = PBXBuildFile; fileRef = 64515D0D1FDBF1C80052C0E3 /* Home.storyboard */; };
		64515D101FDBF1EA0052C0E3 /* Sell.storyboard in Resources */ = {isa = PBXBuildFile; fileRef = 64515D0F1FDBF1EA0052C0E3 /* Sell.storyboard */; };
		64515D121FDBF20F0052C0E3 /* Account.storyboard in Resources */ = {isa = PBXBuildFile; fileRef = 64515D111FDBF20F0052C0E3 /* Account.storyboard */; };
		64515D141FDBF2D20052C0E3 /* SignIn.storyboard in Resources */ = {isa = PBXBuildFile; fileRef = 64515D131FDBF2D20052C0E3 /* SignIn.storyboard */; };
		64515D161FDBF3670052C0E3 /* SignInViewController.swift in Sources */ = {isa = PBXBuildFile; fileRef = 64515D151FDBF3670052C0E3 /* SignInViewController.swift */; };
		64515D1C1FDCF7E50052C0E3 /* Users.swift in Sources */ = {isa = PBXBuildFile; fileRef = 64515D1B1FDCF7E50052C0E3 /* Users.swift */; };
		64515D231FDCF9AB0052C0E3 /* Api.swift in Sources */ = {isa = PBXBuildFile; fileRef = 64515D221FDCF9AB0052C0E3 /* Api.swift */; };
		64515D261FDD00FC0052C0E3 /* SignUpViewController.swift in Sources */ = {isa = PBXBuildFile; fileRef = 64515D251FDD00FC0052C0E3 /* SignUpViewController.swift */; };
		64515D281FDD0C170052C0E3 /* HomeViewController.swift in Sources */ = {isa = PBXBuildFile; fileRef = 64515D271FDD0C170052C0E3 /* HomeViewController.swift */; };
		64515D2C1FDD10DD0052C0E3 /* HomeViewModel.swift in Sources */ = {isa = PBXBuildFile; fileRef = 64515D2B1FDD10DD0052C0E3 /* HomeViewModel.swift */; };
		64515D301FDD19A80052C0E3 /* BooksTableViewCell.swift in Sources */ = {isa = PBXBuildFile; fileRef = 64515D2F1FDD19A80052C0E3 /* BooksTableViewCell.swift */; };
		64515D321FDD1BDC0052C0E3 /* Book.swift in Sources */ = {isa = PBXBuildFile; fileRef = 64515D311FDD1BDC0052C0E3 /* Book.swift */; };
		645EFA6C1FDE1D550059C556 /* Goods.storyboard in Resources */ = {isa = PBXBuildFile; fileRef = 645EFA6B1FDE1D550059C556 /* Goods.storyboard */; };
		645EFA6E1FDE1D720059C556 /* GoodsViewController.swift in Sources */ = {isa = PBXBuildFile; fileRef = 645EFA6D1FDE1D720059C556 /* GoodsViewController.swift */; };
		645EFA721FDE26410059C556 /* GoodsViewModel.swift in Sources */ = {isa = PBXBuildFile; fileRef = 645EFA711FDE26410059C556 /* GoodsViewModel.swift */; };
		645EFA741FDE2CAB0059C556 /* ImageDetail.storyboard in Resources */ = {isa = PBXBuildFile; fileRef = 645EFA731FDE2CAB0059C556 /* ImageDetail.storyboard */; };
		645EFA761FDE2CC00059C556 /* ImageDetailViewController.swift in Sources */ = {isa = PBXBuildFile; fileRef = 645EFA751FDE2CC00059C556 /* ImageDetailViewController.swift */; };
		645EFA781FDE31650059C556 /* PurchasedGoods.storyboard in Resources */ = {isa = PBXBuildFile; fileRef = 645EFA771FDE31650059C556 /* PurchasedGoods.storyboard */; };
		645EFA7A1FDE316F0059C556 /* PurchasedGoodsViewController.swift in Sources */ = {isa = PBXBuildFile; fileRef = 645EFA791FDE316F0059C556 /* PurchasedGoodsViewController.swift */; };
		645EFA7C1FDE337D0059C556 /* PurchasedGoodsViewModel.swift in Sources */ = {isa = PBXBuildFile; fileRef = 645EFA7B1FDE337D0059C556 /* PurchasedGoodsViewModel.swift */; };
		645EFA7E1FDE42C80059C556 /* AccountViewController.swift in Sources */ = {isa = PBXBuildFile; fileRef = 645EFA7D1FDE42C80059C556 /* AccountViewController.swift */; };
		645EFA801FDE43460059C556 /* AccountViewModel.swift in Sources */ = {isa = PBXBuildFile; fileRef = 645EFA7F1FDE43460059C556 /* AccountViewModel.swift */; };
		645EFA821FDE450B0059C556 /* UserProfile.storyboard in Resources */ = {isa = PBXBuildFile; fileRef = 645EFA811FDE450B0059C556 /* UserProfile.storyboard */; };
		645EFA841FDE45180059C556 /* UserProfileViewController.swift in Sources */ = {isa = PBXBuildFile; fileRef = 645EFA831FDE45180059C556 /* UserProfileViewController.swift */; };
		645EFA861FDE579C0059C556 /* MySellingBook.storyboard in Resources */ = {isa = PBXBuildFile; fileRef = 645EFA851FDE579C0059C556 /* MySellingBook.storyboard */; };
		645EFA881FDE57AC0059C556 /* MyTradingBook.storyboard in Resources */ = {isa = PBXBuildFile; fileRef = 645EFA871FDE57AC0059C556 /* MyTradingBook.storyboard */; };
		645EFA8A1FDE57BE0059C556 /* MySellingBookViewController.swift in Sources */ = {isa = PBXBuildFile; fileRef = 645EFA891FDE57BE0059C556 /* MySellingBookViewController.swift */; };
		645EFA8C1FDE57F90059C556 /* MyTradingBookViewController.swift in Sources */ = {isa = PBXBuildFile; fileRef = 645EFA8B1FDE57F90059C556 /* MyTradingBookViewController.swift */; };
		645EFA8E1FDE5E3E0059C556 /* MySellingBookViewModel.swift in Sources */ = {isa = PBXBuildFile; fileRef = 645EFA8D1FDE5E3E0059C556 /* MySellingBookViewModel.swift */; };
		645EFA901FDE5E4E0059C556 /* MyTradingBoookViewModel.swift in Sources */ = {isa = PBXBuildFile; fileRef = 645EFA8F1FDE5E4E0059C556 /* MyTradingBoookViewModel.swift */; };
		645EFA921FDE817E0059C556 /* Comment.storyboard in Resources */ = {isa = PBXBuildFile; fileRef = 645EFA911FDE817E0059C556 /* Comment.storyboard */; };
		645EFA941FDE81890059C556 /* CommentViewController.swift in Sources */ = {isa = PBXBuildFile; fileRef = 645EFA931FDE81890059C556 /* CommentViewController.swift */; };
		645EFA961FDE81940059C556 /* Message.storyboard in Resources */ = {isa = PBXBuildFile; fileRef = 645EFA951FDE81940059C556 /* Message.storyboard */; };
		645EFA981FDE81AB0059C556 /* MessageViewController.swift in Sources */ = {isa = PBXBuildFile; fileRef = 645EFA971FDE81AB0059C556 /* MessageViewController.swift */; };
		645EFA9A1FDED6F60059C556 /* MessageViewModel.swift in Sources */ = {isa = PBXBuildFile; fileRef = 645EFA991FDED6F60059C556 /* MessageViewModel.swift */; };
		645EFA9C1FDED7820059C556 /* MessageRoom.swift in Sources */ = {isa = PBXBuildFile; fileRef = 645EFA9B1FDED7820059C556 /* MessageRoom.swift */; };
		64C9C5FB1FDD867A00D3FC5B /* SignUp.storyboard in Resources */ = {isa = PBXBuildFile; fileRef = 64515D241FDD00D00052C0E3 /* SignUp.storyboard */; };
/* End PBXBuildFile section */

/* Begin PBXContainerItemProxy section */
		64515CF11FDBF0020052C0E3 /* PBXContainerItemProxy */ = {
			isa = PBXContainerItemProxy;
			containerPortal = 64515CD21FDBF0020052C0E3 /* Project object */;
			proxyType = 1;
			remoteGlobalIDString = 64515CD91FDBF0020052C0E3;
			remoteInfo = bookMarketApp;
		};
		64515CFC1FDBF0030052C0E3 /* PBXContainerItemProxy */ = {
			isa = PBXContainerItemProxy;
			containerPortal = 64515CD21FDBF0020052C0E3 /* Project object */;
			proxyType = 1;
			remoteGlobalIDString = 64515CD91FDBF0020052C0E3;
			remoteInfo = bookMarketApp;
		};
/* End PBXContainerItemProxy section */

/* Begin PBXFileReference section */
		64515CDA1FDBF0020052C0E3 /* bookMarketApp.app */ = {isa = PBXFileReference; explicitFileType = wrapper.application; includeInIndex = 0; path = bookMarketApp.app; sourceTree = BUILT_PRODUCTS_DIR; };
		64515CDD1FDBF0020052C0E3 /* AppDelegate.swift */ = {isa = PBXFileReference; lastKnownFileType = sourcecode.swift; path = AppDelegate.swift; sourceTree = "<group>"; };
		64515CE41FDBF0020052C0E3 /* Base */ = {isa = PBXFileReference; lastKnownFileType = file.storyboard; name = Base; path = Base.lproj/Main.storyboard; sourceTree = "<group>"; };
		64515CE91FDBF0020052C0E3 /* Base */ = {isa = PBXFileReference; lastKnownFileType = file.storyboard; name = Base; path = Base.lproj/LaunchScreen.storyboard; sourceTree = "<group>"; };
		64515CEB1FDBF0020052C0E3 /* Info.plist */ = {isa = PBXFileReference; lastKnownFileType = text.plist.xml; path = Info.plist; sourceTree = "<group>"; };
		64515CF01FDBF0020052C0E3 /* bookMarketAppTests.xctest */ = {isa = PBXFileReference; explicitFileType = wrapper.cfbundle; includeInIndex = 0; path = bookMarketAppTests.xctest; sourceTree = BUILT_PRODUCTS_DIR; };
		64515CF41FDBF0020052C0E3 /* bookMarketAppTests.swift */ = {isa = PBXFileReference; lastKnownFileType = sourcecode.swift; path = bookMarketAppTests.swift; sourceTree = "<group>"; };
		64515CF61FDBF0020052C0E3 /* Info.plist */ = {isa = PBXFileReference; lastKnownFileType = text.plist.xml; path = Info.plist; sourceTree = "<group>"; };
		64515CFB1FDBF0030052C0E3 /* bookMarketAppUITests.xctest */ = {isa = PBXFileReference; explicitFileType = wrapper.cfbundle; includeInIndex = 0; path = bookMarketAppUITests.xctest; sourceTree = BUILT_PRODUCTS_DIR; };
		64515CFF1FDBF0030052C0E3 /* bookMarketAppUITests.swift */ = {isa = PBXFileReference; lastKnownFileType = sourcecode.swift; path = bookMarketAppUITests.swift; sourceTree = "<group>"; };
		64515D011FDBF0030052C0E3 /* Info.plist */ = {isa = PBXFileReference; lastKnownFileType = text.plist.xml; path = Info.plist; sourceTree = "<group>"; };
		64515D0D1FDBF1C80052C0E3 /* Home.storyboard */ = {isa = PBXFileReference; lastKnownFileType = file.storyboard; path = Home.storyboard; sourceTree = "<group>"; };
		64515D0F1FDBF1EA0052C0E3 /* Sell.storyboard */ = {isa = PBXFileReference; lastKnownFileType = file.storyboard; path = Sell.storyboard; sourceTree = "<group>"; };
		64515D111FDBF20F0052C0E3 /* Account.storyboard */ = {isa = PBXFileReference; lastKnownFileType = file.storyboard; path = Account.storyboard; sourceTree = "<group>"; };
		64515D131FDBF2D20052C0E3 /* SignIn.storyboard */ = {isa = PBXFileReference; lastKnownFileType = file.storyboard; path = SignIn.storyboard; sourceTree = "<group>"; };
		64515D151FDBF3670052C0E3 /* SignInViewController.swift */ = {isa = PBXFileReference; lastKnownFileType = sourcecode.swift; path = SignInViewController.swift; sourceTree = "<group>"; };
		64515D1B1FDCF7E50052C0E3 /* Users.swift */ = {isa = PBXFileReference; lastKnownFileType = sourcecode.swift; path = Users.swift; sourceTree = "<group>"; };
		64515D221FDCF9AB0052C0E3 /* Api.swift */ = {isa = PBXFileReference; lastKnownFileType = sourcecode.swift; name = Api.swift; path = /Users/Tomoya/bookMarketApp/bookMarketApp/Model/Api/Api.swift; sourceTree = "<absolute>"; };
		64515D241FDD00D00052C0E3 /* SignUp.storyboard */ = {isa = PBXFileReference; lastKnownFileType = file.storyboard; name = SignUp.storyboard; path = /Users/Tomoya/bookMarketApp/bookMarketApp/View/SignUp.storyboard; sourceTree = "<absolute>"; };
		64515D251FDD00FC0052C0E3 /* SignUpViewController.swift */ = {isa = PBXFileReference; lastKnownFileType = sourcecode.swift; name = SignUpViewController.swift; path = /Users/Tomoya/bookMarketApp/bookMarketApp/View/SignUpViewController.swift; sourceTree = "<absolute>"; };
		64515D271FDD0C170052C0E3 /* HomeViewController.swift */ = {isa = PBXFileReference; lastKnownFileType = sourcecode.swift; name = HomeViewController.swift; path = /Users/Tomoya/bookMarketApp/bookMarketApp/View/HomeViewController.swift; sourceTree = "<absolute>"; };
		64515D2B1FDD10DD0052C0E3 /* HomeViewModel.swift */ = {isa = PBXFileReference; fileEncoding = 4; lastKnownFileType = sourcecode.swift; path = HomeViewModel.swift; sourceTree = "<group>"; };
		64515D2F1FDD19A80052C0E3 /* BooksTableViewCell.swift */ = {isa = PBXFileReference; lastKnownFileType = sourcecode.swift; path = BooksTableViewCell.swift; sourceTree = "<group>"; };
		64515D311FDD1BDC0052C0E3 /* Book.swift */ = {isa = PBXFileReference; lastKnownFileType = sourcecode.swift; path = Book.swift; sourceTree = "<group>"; };
		645EFA6B1FDE1D550059C556 /* Goods.storyboard */ = {isa = PBXFileReference; lastKnownFileType = file.storyboard; path = Goods.storyboard; sourceTree = "<group>"; };
		645EFA6D1FDE1D720059C556 /* GoodsViewController.swift */ = {isa = PBXFileReference; lastKnownFileType = sourcecode.swift; path = GoodsViewController.swift; sourceTree = "<group>"; };
		645EFA711FDE26410059C556 /* GoodsViewModel.swift */ = {isa = PBXFileReference; lastKnownFileType = sourcecode.swift; path = GoodsViewModel.swift; sourceTree = "<group>"; };
		645EFA731FDE2CAB0059C556 /* ImageDetail.storyboard */ = {isa = PBXFileReference; lastKnownFileType = file.storyboard; path = ImageDetail.storyboard; sourceTree = "<group>"; };
		645EFA751FDE2CC00059C556 /* ImageDetailViewController.swift */ = {isa = PBXFileReference; lastKnownFileType = sourcecode.swift; path = ImageDetailViewController.swift; sourceTree = "<group>"; };
		645EFA771FDE31650059C556 /* PurchasedGoods.storyboard */ = {isa = PBXFileReference; lastKnownFileType = file.storyboard; path = PurchasedGoods.storyboard; sourceTree = "<group>"; };
		645EFA791FDE316F0059C556 /* PurchasedGoodsViewController.swift */ = {isa = PBXFileReference; lastKnownFileType = sourcecode.swift; path = PurchasedGoodsViewController.swift; sourceTree = "<group>"; };
		645EFA7B1FDE337D0059C556 /* PurchasedGoodsViewModel.swift */ = {isa = PBXFileReference; lastKnownFileType = sourcecode.swift; path = PurchasedGoodsViewModel.swift; sourceTree = "<group>"; };
		645EFA7D1FDE42C80059C556 /* AccountViewController.swift */ = {isa = PBXFileReference; lastKnownFileType = sourcecode.swift; path = AccountViewController.swift; sourceTree = "<group>"; };
		645EFA7F1FDE43460059C556 /* AccountViewModel.swift */ = {isa = PBXFileReference; lastKnownFileType = sourcecode.swift; path = AccountViewModel.swift; sourceTree = "<group>"; };
		645EFA811FDE450B0059C556 /* UserProfile.storyboard */ = {isa = PBXFileReference; lastKnownFileType = file.storyboard; path = UserProfile.storyboard; sourceTree = "<group>"; };
		645EFA831FDE45180059C556 /* UserProfileViewController.swift */ = {isa = PBXFileReference; lastKnownFileType = sourcecode.swift; path = UserProfileViewController.swift; sourceTree = "<group>"; };
		645EFA851FDE579C0059C556 /* MySellingBook.storyboard */ = {isa = PBXFileReference; lastKnownFileType = file.storyboard; path = MySellingBook.storyboard; sourceTree = "<group>"; };
		645EFA871FDE57AC0059C556 /* MyTradingBook.storyboard */ = {isa = PBXFileReference; lastKnownFileType = file.storyboard; path = MyTradingBook.storyboard; sourceTree = "<group>"; };
		645EFA891FDE57BE0059C556 /* MySellingBookViewController.swift */ = {isa = PBXFileReference; lastKnownFileType = sourcecode.swift; path = MySellingBookViewController.swift; sourceTree = "<group>"; };
		645EFA8B1FDE57F90059C556 /* MyTradingBookViewController.swift */ = {isa = PBXFileReference; lastKnownFileType = sourcecode.swift; path = MyTradingBookViewController.swift; sourceTree = "<group>"; };
		645EFA8D1FDE5E3E0059C556 /* MySellingBookViewModel.swift */ = {isa = PBXFileReference; lastKnownFileType = sourcecode.swift; path = MySellingBookViewModel.swift; sourceTree = "<group>"; };
		645EFA8F1FDE5E4E0059C556 /* MyTradingBoookViewModel.swift */ = {isa = PBXFileReference; lastKnownFileType = sourcecode.swift; path = MyTradingBoookViewModel.swift; sourceTree = "<group>"; };
		645EFA911FDE817E0059C556 /* Comment.storyboard */ = {isa = PBXFileReference; lastKnownFileType = file.storyboard; path = Comment.storyboard; sourceTree = "<group>"; };
		645EFA931FDE81890059C556 /* CommentViewController.swift */ = {isa = PBXFileReference; lastKnownFileType = sourcecode.swift; path = CommentViewController.swift; sourceTree = "<group>"; };
		645EFA951FDE81940059C556 /* Message.storyboard */ = {isa = PBXFileReference; lastKnownFileType = file.storyboard; path = Message.storyboard; sourceTree = "<group>"; };
		645EFA971FDE81AB0059C556 /* MessageViewController.swift */ = {isa = PBXFileReference; lastKnownFileType = sourcecode.swift; path = MessageViewController.swift; sourceTree = "<group>"; };
		645EFA991FDED6F60059C556 /* MessageViewModel.swift */ = {isa = PBXFileReference; lastKnownFileType = sourcecode.swift; path = MessageViewModel.swift; sourceTree = "<group>"; };
		645EFA9B1FDED7820059C556 /* MessageRoom.swift */ = {isa = PBXFileReference; lastKnownFileType = sourcecode.swift; path = MessageRoom.swift; sourceTree = "<group>"; };
/* End PBXFileReference section */

/* Begin PBXFrameworksBuildPhase section */
		64515CD71FDBF0020052C0E3 /* Frameworks */ = {
			isa = PBXFrameworksBuildPhase;
			buildActionMask = 2147483647;
			files = (
			);
			runOnlyForDeploymentPostprocessing = 0;
		};
		64515CED1FDBF0020052C0E3 /* Frameworks */ = {
			isa = PBXFrameworksBuildPhase;
			buildActionMask = 2147483647;
			files = (
			);
			runOnlyForDeploymentPostprocessing = 0;
		};
		64515CF81FDBF0020052C0E3 /* Frameworks */ = {
			isa = PBXFrameworksBuildPhase;
			buildActionMask = 2147483647;
			files = (
			);
			runOnlyForDeploymentPostprocessing = 0;
		};
/* End PBXFrameworksBuildPhase section */

/* Begin PBXGroup section */
		64515CD11FDBF0020052C0E3 = {
			isa = PBXGroup;
			children = (
				64515CDC1FDBF0020052C0E3 /* bookMarketApp */,
				64515CF31FDBF0020052C0E3 /* bookMarketAppTests */,
				64515CFE1FDBF0030052C0E3 /* bookMarketAppUITests */,
				64515CDB1FDBF0020052C0E3 /* Products */,
			);
			sourceTree = "<group>";
		};
		64515CDB1FDBF0020052C0E3 /* Products */ = {
			isa = PBXGroup;
			children = (
				64515CDA1FDBF0020052C0E3 /* bookMarketApp.app */,
				64515CF01FDBF0020052C0E3 /* bookMarketAppTests.xctest */,
				64515CFB1FDBF0030052C0E3 /* bookMarketAppUITests.xctest */,
			);
			name = Products;
			sourceTree = "<group>";
		};
		64515CDC1FDBF0020052C0E3 /* bookMarketApp */ = {
			isa = PBXGroup;
			children = (
				64515CDD1FDBF0020052C0E3 /* AppDelegate.swift */,
				64515D171FDCD5A00052C0E3 /* View */,
				64515D1A1FDCD64E0052C0E3 /* ViewModel */,
				64515D181FDCD5EE0052C0E3 /* Model */,
				64515CE81FDBF0020052C0E3 /* LaunchScreen.storyboard */,
				64515CEB1FDBF0020052C0E3 /* Info.plist */,
			);
			path = bookMarketApp;
			sourceTree = "<group>";
		};
		64515CF31FDBF0020052C0E3 /* bookMarketAppTests */ = {
			isa = PBXGroup;
			children = (
				64515CF41FDBF0020052C0E3 /* bookMarketAppTests.swift */,
				64515CF61FDBF0020052C0E3 /* Info.plist */,
			);
			path = bookMarketAppTests;
			sourceTree = "<group>";
		};
		64515CFE1FDBF0030052C0E3 /* bookMarketAppUITests */ = {
			isa = PBXGroup;
			children = (
				64515CFF1FDBF0030052C0E3 /* bookMarketAppUITests.swift */,
				64515D011FDBF0030052C0E3 /* Info.plist */,
			);
			path = bookMarketAppUITests;
			sourceTree = "<group>";
		};
		64515D171FDCD5A00052C0E3 /* View */ = {
			isa = PBXGroup;
			children = (
				64515D151FDBF3670052C0E3 /* SignInViewController.swift */,
				64515D131FDBF2D20052C0E3 /* SignIn.storyboard */,
				64515D251FDD00FC0052C0E3 /* SignUpViewController.swift */,
				64515D241FDD00D00052C0E3 /* SignUp.storyboard */,
				64515CE31FDBF0020052C0E3 /* Main.storyboard */,
				64515D0D1FDBF1C80052C0E3 /* Home.storyboard */,
				64515D271FDD0C170052C0E3 /* HomeViewController.swift */,
				64515D2F1FDD19A80052C0E3 /* BooksTableViewCell.swift */,
				645EFA6B1FDE1D550059C556 /* Goods.storyboard */,
				645EFA6D1FDE1D720059C556 /* GoodsViewController.swift */,
				645EFA771FDE31650059C556 /* PurchasedGoods.storyboard */,
				645EFA791FDE316F0059C556 /* PurchasedGoodsViewController.swift */,
				645EFA731FDE2CAB0059C556 /* ImageDetail.storyboard */,
				645EFA751FDE2CC00059C556 /* ImageDetailViewController.swift */,
				645EFA911FDE817E0059C556 /* Comment.storyboard */,
				645EFA931FDE81890059C556 /* CommentViewController.swift */,
				645EFA951FDE81940059C556 /* Message.storyboard */,
				645EFA971FDE81AB0059C556 /* MessageViewController.swift */,
				64515D0F1FDBF1EA0052C0E3 /* Sell.storyboard */,
				64515D111FDBF20F0052C0E3 /* Account.storyboard */,
				645EFA7D1FDE42C80059C556 /* AccountViewController.swift */,
				645EFA811FDE450B0059C556 /* UserProfile.storyboard */,
				645EFA831FDE45180059C556 /* UserProfileViewController.swift */,
				645EFA851FDE579C0059C556 /* MySellingBook.storyboard */,
				645EFA891FDE57BE0059C556 /* MySellingBookViewController.swift */,
				645EFA871FDE57AC0059C556 /* MyTradingBook.storyboard */,
				645EFA8B1FDE57F90059C556 /* MyTradingBookViewController.swift */,
			);
			path = View;
			sourceTree = "<group>";
		};
		64515D181FDCD5EE0052C0E3 /* Model */ = {
			isa = PBXGroup;
			children = (
				64515D191FDCD63B0052C0E3 /* Api */,
			);
			path = Model;
			sourceTree = "<group>";
		};
		64515D191FDCD63B0052C0E3 /* Api */ = {
			isa = PBXGroup;
			children = (
				64515D221FDCF9AB0052C0E3 /* Api.swift */,
				64515D1B1FDCF7E50052C0E3 /* Users.swift */,
				64515D311FDD1BDC0052C0E3 /* Book.swift */,
				645EFA9B1FDED7820059C556 /* MessageRoom.swift */,
			);
			path = Api;
			sourceTree = "<group>";
		};
		64515D1A1FDCD64E0052C0E3 /* ViewModel */ = {
			isa = PBXGroup;
			children = (
				64515D2B1FDD10DD0052C0E3 /* HomeViewModel.swift */,
				645EFA711FDE26410059C556 /* GoodsViewModel.swift */,
				645EFA7B1FDE337D0059C556 /* PurchasedGoodsViewModel.swift */,
				645EFA991FDED6F60059C556 /* MessageViewModel.swift */,
				645EFA7F1FDE43460059C556 /* AccountViewModel.swift */,
				645EFA8D1FDE5E3E0059C556 /* MySellingBookViewModel.swift */,
				645EFA8F1FDE5E4E0059C556 /* MyTradingBoookViewModel.swift */,
			);
			path = ViewModel;
			sourceTree = "<group>";
		};
/* End PBXGroup section */

/* Begin PBXNativeTarget section */
		64515CD91FDBF0020052C0E3 /* bookMarketApp */ = {
			isa = PBXNativeTarget;
			buildConfigurationList = 64515D041FDBF0030052C0E3 /* Build configuration list for PBXNativeTarget "bookMarketApp" */;
			buildPhases = (
				64515CD61FDBF0020052C0E3 /* Sources */,
				64515CD71FDBF0020052C0E3 /* Frameworks */,
				64515CD81FDBF0020052C0E3 /* Resources */,
			);
			buildRules = (
			);
			dependencies = (
			);
			name = bookMarketApp;
			productName = bookMarketApp;
			productReference = 64515CDA1FDBF0020052C0E3 /* bookMarketApp.app */;
			productType = "com.apple.product-type.application";
		};
		64515CEF1FDBF0020052C0E3 /* bookMarketAppTests */ = {
			isa = PBXNativeTarget;
			buildConfigurationList = 64515D071FDBF0030052C0E3 /* Build configuration list for PBXNativeTarget "bookMarketAppTests" */;
			buildPhases = (
				64515CEC1FDBF0020052C0E3 /* Sources */,
				64515CED1FDBF0020052C0E3 /* Frameworks */,
				64515CEE1FDBF0020052C0E3 /* Resources */,
			);
			buildRules = (
			);
			dependencies = (
				64515CF21FDBF0020052C0E3 /* PBXTargetDependency */,
			);
			name = bookMarketAppTests;
			productName = bookMarketAppTests;
			productReference = 64515CF01FDBF0020052C0E3 /* bookMarketAppTests.xctest */;
			productType = "com.apple.product-type.bundle.unit-test";
		};
		64515CFA1FDBF0020052C0E3 /* bookMarketAppUITests */ = {
			isa = PBXNativeTarget;
			buildConfigurationList = 64515D0A1FDBF0030052C0E3 /* Build configuration list for PBXNativeTarget "bookMarketAppUITests" */;
			buildPhases = (
				64515CF71FDBF0020052C0E3 /* Sources */,
				64515CF81FDBF0020052C0E3 /* Frameworks */,
				64515CF91FDBF0020052C0E3 /* Resources */,
			);
			buildRules = (
			);
			dependencies = (
				64515CFD1FDBF0030052C0E3 /* PBXTargetDependency */,
			);
			name = bookMarketAppUITests;
			productName = bookMarketAppUITests;
			productReference = 64515CFB1FDBF0030052C0E3 /* bookMarketAppUITests.xctest */;
			productType = "com.apple.product-type.bundle.ui-testing";
		};
/* End PBXNativeTarget section */

/* Begin PBXProject section */
		64515CD21FDBF0020052C0E3 /* Project object */ = {
			isa = PBXProject;
			attributes = {
				LastSwiftUpdateCheck = 0910;
				LastUpgradeCheck = 0910;
				ORGANIZATIONNAME = "Tomoya Matsuyama";
				TargetAttributes = {
					64515CD91FDBF0020052C0E3 = {
						CreatedOnToolsVersion = 9.1;
						ProvisioningStyle = Automatic;
					};
					64515CEF1FDBF0020052C0E3 = {
						CreatedOnToolsVersion = 9.1;
						ProvisioningStyle = Automatic;
						TestTargetID = 64515CD91FDBF0020052C0E3;
					};
					64515CFA1FDBF0020052C0E3 = {
						CreatedOnToolsVersion = 9.1;
						ProvisioningStyle = Automatic;
						TestTargetID = 64515CD91FDBF0020052C0E3;
					};
				};
			};
			buildConfigurationList = 64515CD51FDBF0020052C0E3 /* Build configuration list for PBXProject "bookMarketApp" */;
			compatibilityVersion = "Xcode 8.0";
			developmentRegion = en;
			hasScannedForEncodings = 0;
			knownRegions = (
				en,
				Base,
			);
			mainGroup = 64515CD11FDBF0020052C0E3;
			productRefGroup = 64515CDB1FDBF0020052C0E3 /* Products */;
			projectDirPath = "";
			projectRoot = "";
			targets = (
				64515CD91FDBF0020052C0E3 /* bookMarketApp */,
				64515CEF1FDBF0020052C0E3 /* bookMarketAppTests */,
				64515CFA1FDBF0020052C0E3 /* bookMarketAppUITests */,
			);
		};
/* End PBXProject section */

/* Begin PBXResourcesBuildPhase section */
		64515CD81FDBF0020052C0E3 /* Resources */ = {
			isa = PBXResourcesBuildPhase;
			buildActionMask = 2147483647;
			files = (
				64515CEA1FDBF0020052C0E3 /* LaunchScreen.storyboard in Resources */,
				645EFA881FDE57AC0059C556 /* MyTradingBook.storyboard in Resources */,
				645EFA781FDE31650059C556 /* PurchasedGoods.storyboard in Resources */,
				645EFA861FDE579C0059C556 /* MySellingBook.storyboard in Resources */,
				64515CE51FDBF0020052C0E3 /* Main.storyboard in Resources */,
				645EFA741FDE2CAB0059C556 /* ImageDetail.storyboard in Resources */,
				64515D101FDBF1EA0052C0E3 /* Sell.storyboard in Resources */,
				645EFA961FDE81940059C556 /* Message.storyboard in Resources */,
				645EFA6C1FDE1D550059C556 /* Goods.storyboard in Resources */,
				645EFA921FDE817E0059C556 /* Comment.storyboard in Resources */,
				64C9C5FB1FDD867A00D3FC5B /* SignUp.storyboard in Resources */,
				64515D121FDBF20F0052C0E3 /* Account.storyboard in Resources */,
				64515D141FDBF2D20052C0E3 /* SignIn.storyboard in Resources */,
				64515D0E1FDBF1C80052C0E3 /* Home.storyboard in Resources */,
				645EFA821FDE450B0059C556 /* UserProfile.storyboard in Resources */,
			);
			runOnlyForDeploymentPostprocessing = 0;
		};
		64515CEE1FDBF0020052C0E3 /* Resources */ = {
			isa = PBXResourcesBuildPhase;
			buildActionMask = 2147483647;
			files = (
			);
			runOnlyForDeploymentPostprocessing = 0;
		};
		64515CF91FDBF0020052C0E3 /* Resources */ = {
			isa = PBXResourcesBuildPhase;
			buildActionMask = 2147483647;
			files = (
			);
			runOnlyForDeploymentPostprocessing = 0;
		};
/* End PBXResourcesBuildPhase section */

/* Begin PBXSourcesBuildPhase section */
		64515CD61FDBF0020052C0E3 /* Sources */ = {
			isa = PBXSourcesBuildPhase;
			buildActionMask = 2147483647;
			files = (
				645EFA721FDE26410059C556 /* GoodsViewModel.swift in Sources */,
				645EFA8C1FDE57F90059C556 /* MyTradingBookViewController.swift in Sources */,
				645EFA7A1FDE316F0059C556 /* PurchasedGoodsViewController.swift in Sources */,
				64515D161FDBF3670052C0E3 /* SignInViewController.swift in Sources */,
				64515D1C1FDCF7E50052C0E3 /* Users.swift in Sources */,
				64515D231FDCF9AB0052C0E3 /* Api.swift in Sources */,
				645EFA8E1FDE5E3E0059C556 /* MySellingBookViewModel.swift in Sources */,
				645EFA841FDE45180059C556 /* UserProfileViewController.swift in Sources */,
				645EFA901FDE5E4E0059C556 /* MyTradingBoookViewModel.swift in Sources */,
				645EFA6E1FDE1D720059C556 /* GoodsViewController.swift in Sources */,
				645EFA9A1FDED6F60059C556 /* MessageViewModel.swift in Sources */,
				645EFA941FDE81890059C556 /* CommentViewController.swift in Sources */,
				64515CDE1FDBF0020052C0E3 /* AppDelegate.swift in Sources */,
				645EFA8A1FDE57BE0059C556 /* MySellingBookViewController.swift in Sources */,
				64515D301FDD19A80052C0E3 /* BooksTableViewCell.swift in Sources */,
				645EFA761FDE2CC00059C556 /* ImageDetailViewController.swift in Sources */,
				64515D321FDD1BDC0052C0E3 /* Book.swift in Sources */,
				645EFA981FDE81AB0059C556 /* MessageViewController.swift in Sources */,
				645EFA801FDE43460059C556 /* AccountViewModel.swift in Sources */,
				64515D2C1FDD10DD0052C0E3 /* HomeViewModel.swift in Sources */,
				645EFA7E1FDE42C80059C556 /* AccountViewController.swift in Sources */,
				64515D261FDD00FC0052C0E3 /* SignUpViewController.swift in Sources */,
				645EFA7C1FDE337D0059C556 /* PurchasedGoodsViewModel.swift in Sources */,
				645EFA9C1FDED7820059C556 /* MessageRoom.swift in Sources */,
				64515D281FDD0C170052C0E3 /* HomeViewController.swift in Sources */,
			);
			runOnlyForDeploymentPostprocessing = 0;
		};
		64515CEC1FDBF0020052C0E3 /* Sources */ = {
			isa = PBXSourcesBuildPhase;
			buildActionMask = 2147483647;
			files = (
				64515CF51FDBF0020052C0E3 /* bookMarketAppTests.swift in Sources */,
			);
			runOnlyForDeploymentPostprocessing = 0;
		};
		64515CF71FDBF0020052C0E3 /* Sources */ = {
			isa = PBXSourcesBuildPhase;
			buildActionMask = 2147483647;
			files = (
				64515D001FDBF0030052C0E3 /* bookMarketAppUITests.swift in Sources */,
			);
			runOnlyForDeploymentPostprocessing = 0;
		};
/* End PBXSourcesBuildPhase section */

/* Begin PBXTargetDependency section */
		64515CF21FDBF0020052C0E3 /* PBXTargetDependency */ = {
			isa = PBXTargetDependency;
			target = 64515CD91FDBF0020052C0E3 /* bookMarketApp */;
			targetProxy = 64515CF11FDBF0020052C0E3 /* PBXContainerItemProxy */;
		};
		64515CFD1FDBF0030052C0E3 /* PBXTargetDependency */ = {
			isa = PBXTargetDependency;
			target = 64515CD91FDBF0020052C0E3 /* bookMarketApp */;
			targetProxy = 64515CFC1FDBF0030052C0E3 /* PBXContainerItemProxy */;
		};
/* End PBXTargetDependency section */

/* Begin PBXVariantGroup section */
		64515CE31FDBF0020052C0E3 /* Main.storyboard */ = {
			isa = PBXVariantGroup;
			children = (
				64515CE41FDBF0020052C0E3 /* Base */,
			);
			name = Main.storyboard;
			sourceTree = "<group>";
		};
		64515CE81FDBF0020052C0E3 /* LaunchScreen.storyboard */ = {
			isa = PBXVariantGroup;
			children = (
				64515CE91FDBF0020052C0E3 /* Base */,
			);
			name = LaunchScreen.storyboard;
			sourceTree = "<group>";
		};
/* End PBXVariantGroup section */

/* Begin XCBuildConfiguration section */
		64515D021FDBF0030052C0E3 /* Debug */ = {
			isa = XCBuildConfiguration;
			buildSettings = {
				ALWAYS_SEARCH_USER_PATHS = NO;
				CLANG_ANALYZER_NONNULL = YES;
				CLANG_ANALYZER_NUMBER_OBJECT_CONVERSION = YES_AGGRESSIVE;
				CLANG_CXX_LANGUAGE_STANDARD = "gnu++14";
				CLANG_CXX_LIBRARY = "libc++";
				CLANG_ENABLE_MODULES = YES;
				CLANG_ENABLE_OBJC_ARC = YES;
				CLANG_WARN_BLOCK_CAPTURE_AUTORELEASING = YES;
				CLANG_WARN_BOOL_CONVERSION = YES;
				CLANG_WARN_COMMA = YES;
				CLANG_WARN_CONSTANT_CONVERSION = YES;
				CLANG_WARN_DIRECT_OBJC_ISA_USAGE = YES_ERROR;
				CLANG_WARN_DOCUMENTATION_COMMENTS = YES;
				CLANG_WARN_EMPTY_BODY = YES;
				CLANG_WARN_ENUM_CONVERSION = YES;
				CLANG_WARN_INFINITE_RECURSION = YES;
				CLANG_WARN_INT_CONVERSION = YES;
				CLANG_WARN_NON_LITERAL_NULL_CONVERSION = YES;
				CLANG_WARN_OBJC_LITERAL_CONVERSION = YES;
				CLANG_WARN_OBJC_ROOT_CLASS = YES_ERROR;
				CLANG_WARN_RANGE_LOOP_ANALYSIS = YES;
				CLANG_WARN_STRICT_PROTOTYPES = YES;
				CLANG_WARN_SUSPICIOUS_MOVE = YES;
				CLANG_WARN_UNGUARDED_AVAILABILITY = YES_AGGRESSIVE;
				CLANG_WARN_UNREACHABLE_CODE = YES;
				CLANG_WARN__DUPLICATE_METHOD_MATCH = YES;
				CODE_SIGN_IDENTITY = "iPhone Developer";
				COPY_PHASE_STRIP = NO;
				DEBUG_INFORMATION_FORMAT = dwarf;
				ENABLE_STRICT_OBJC_MSGSEND = YES;
				ENABLE_TESTABILITY = YES;
				GCC_C_LANGUAGE_STANDARD = gnu11;
				GCC_DYNAMIC_NO_PIC = NO;
				GCC_NO_COMMON_BLOCKS = YES;
				GCC_OPTIMIZATION_LEVEL = 0;
				GCC_PREPROCESSOR_DEFINITIONS = (
					"DEBUG=1",
					"$(inherited)",
				);
				GCC_WARN_64_TO_32_BIT_CONVERSION = YES;
				GCC_WARN_ABOUT_RETURN_TYPE = YES_ERROR;
				GCC_WARN_UNDECLARED_SELECTOR = YES;
				GCC_WARN_UNINITIALIZED_AUTOS = YES_AGGRESSIVE;
				GCC_WARN_UNUSED_FUNCTION = YES;
				GCC_WARN_UNUSED_VARIABLE = YES;
				IPHONEOS_DEPLOYMENT_TARGET = 11.1;
				MTL_ENABLE_DEBUG_INFO = YES;
				ONLY_ACTIVE_ARCH = YES;
				SDKROOT = iphoneos;
				SWIFT_ACTIVE_COMPILATION_CONDITIONS = DEBUG;
				SWIFT_OPTIMIZATION_LEVEL = "-Onone";
			};
			name = Debug;
		};
		64515D031FDBF0030052C0E3 /* Release */ = {
			isa = XCBuildConfiguration;
			buildSettings = {
				ALWAYS_SEARCH_USER_PATHS = NO;
				CLANG_ANALYZER_NONNULL = YES;
				CLANG_ANALYZER_NUMBER_OBJECT_CONVERSION = YES_AGGRESSIVE;
				CLANG_CXX_LANGUAGE_STANDARD = "gnu++14";
				CLANG_CXX_LIBRARY = "libc++";
				CLANG_ENABLE_MODULES = YES;
				CLANG_ENABLE_OBJC_ARC = YES;
				CLANG_WARN_BLOCK_CAPTURE_AUTORELEASING = YES;
				CLANG_WARN_BOOL_CONVERSION = YES;
				CLANG_WARN_COMMA = YES;
				CLANG_WARN_CONSTANT_CONVERSION = YES;
				CLANG_WARN_DIRECT_OBJC_ISA_USAGE = YES_ERROR;
				CLANG_WARN_DOCUMENTATION_COMMENTS = YES;
				CLANG_WARN_EMPTY_BODY = YES;
				CLANG_WARN_ENUM_CONVERSION = YES;
				CLANG_WARN_INFINITE_RECURSION = YES;
				CLANG_WARN_INT_CONVERSION = YES;
				CLANG_WARN_NON_LITERAL_NULL_CONVERSION = YES;
				CLANG_WARN_OBJC_LITERAL_CONVERSION = YES;
				CLANG_WARN_OBJC_ROOT_CLASS = YES_ERROR;
				CLANG_WARN_RANGE_LOOP_ANALYSIS = YES;
				CLANG_WARN_STRICT_PROTOTYPES = YES;
				CLANG_WARN_SUSPICIOUS_MOVE = YES;
				CLANG_WARN_UNGUARDED_AVAILABILITY = YES_AGGRESSIVE;
				CLANG_WARN_UNREACHABLE_CODE = YES;
				CLANG_WARN__DUPLICATE_METHOD_MATCH = YES;
				CODE_SIGN_IDENTITY = "iPhone Developer";
				COPY_PHASE_STRIP = NO;
				DEBUG_INFORMATION_FORMAT = "dwarf-with-dsym";
				ENABLE_NS_ASSERTIONS = NO;
				ENABLE_STRICT_OBJC_MSGSEND = YES;
				GCC_C_LANGUAGE_STANDARD = gnu11;
				GCC_NO_COMMON_BLOCKS = YES;
				GCC_WARN_64_TO_32_BIT_CONVERSION = YES;
				GCC_WARN_ABOUT_RETURN_TYPE = YES_ERROR;
				GCC_WARN_UNDECLARED_SELECTOR = YES;
				GCC_WARN_UNINITIALIZED_AUTOS = YES_AGGRESSIVE;
				GCC_WARN_UNUSED_FUNCTION = YES;
				GCC_WARN_UNUSED_VARIABLE = YES;
				IPHONEOS_DEPLOYMENT_TARGET = 11.1;
				MTL_ENABLE_DEBUG_INFO = NO;
				SDKROOT = iphoneos;
				SWIFT_OPTIMIZATION_LEVEL = "-Owholemodule";
				VALIDATE_PRODUCT = YES;
			};
			name = Release;
		};
		64515D051FDBF0030052C0E3 /* Debug */ = {
			isa = XCBuildConfiguration;
			buildSettings = {
				CODE_SIGN_STYLE = Automatic;
				INFOPLIST_FILE = bookMarketApp/Info.plist;
				LD_RUNPATH_SEARCH_PATHS = "$(inherited) @executable_path/Frameworks";
				PRODUCT_BUNDLE_IDENTIFIER = Matsuyama.bookMarketApp;
				PRODUCT_NAME = "$(TARGET_NAME)";
				SWIFT_VERSION = 4.0;
				TARGETED_DEVICE_FAMILY = "1,2";
			};
			name = Debug;
		};
		64515D061FDBF0030052C0E3 /* Release */ = {
			isa = XCBuildConfiguration;
			buildSettings = {
				CODE_SIGN_STYLE = Automatic;
				INFOPLIST_FILE = bookMarketApp/Info.plist;
				LD_RUNPATH_SEARCH_PATHS = "$(inherited) @executable_path/Frameworks";
				PRODUCT_BUNDLE_IDENTIFIER = Matsuyama.bookMarketApp;
				PRODUCT_NAME = "$(TARGET_NAME)";
				SWIFT_VERSION = 4.0;
				TARGETED_DEVICE_FAMILY = "1,2";
			};
			name = Release;
		};
		64515D081FDBF0030052C0E3 /* Debug */ = {
			isa = XCBuildConfiguration;
			buildSettings = {
				ALWAYS_EMBED_SWIFT_STANDARD_LIBRARIES = YES;
				BUNDLE_LOADER = "$(TEST_HOST)";
				CODE_SIGN_STYLE = Automatic;
				INFOPLIST_FILE = bookMarketAppTests/Info.plist;
				LD_RUNPATH_SEARCH_PATHS = "$(inherited) @executable_path/Frameworks @loader_path/Frameworks";
				PRODUCT_BUNDLE_IDENTIFIER = Matsuyama.bookMarketAppTests;
				PRODUCT_NAME = "$(TARGET_NAME)";
				SWIFT_VERSION = 4.0;
				TARGETED_DEVICE_FAMILY = "1,2";
				TEST_HOST = "$(BUILT_PRODUCTS_DIR)/bookMarketApp.app/bookMarketApp";
			};
			name = Debug;
		};
		64515D091FDBF0030052C0E3 /* Release */ = {
			isa = XCBuildConfiguration;
			buildSettings = {
				ALWAYS_EMBED_SWIFT_STANDARD_LIBRARIES = YES;
				BUNDLE_LOADER = "$(TEST_HOST)";
				CODE_SIGN_STYLE = Automatic;
				INFOPLIST_FILE = bookMarketAppTests/Info.plist;
				LD_RUNPATH_SEARCH_PATHS = "$(inherited) @executable_path/Frameworks @loader_path/Frameworks";
				PRODUCT_BUNDLE_IDENTIFIER = Matsuyama.bookMarketAppTests;
				PRODUCT_NAME = "$(TARGET_NAME)";
				SWIFT_VERSION = 4.0;
				TARGETED_DEVICE_FAMILY = "1,2";
				TEST_HOST = "$(BUILT_PRODUCTS_DIR)/bookMarketApp.app/bookMarketApp";
			};
			name = Release;
		};
		64515D0B1FDBF0030052C0E3 /* Debug */ = {
			isa = XCBuildConfiguration;
			buildSettings = {
				ALWAYS_EMBED_SWIFT_STANDARD_LIBRARIES = YES;
				CODE_SIGN_STYLE = Automatic;
				INFOPLIST_FILE = bookMarketAppUITests/Info.plist;
				LD_RUNPATH_SEARCH_PATHS = "$(inherited) @executable_path/Frameworks @loader_path/Frameworks";
				PRODUCT_BUNDLE_IDENTIFIER = Matsuyama.bookMarketAppUITests;
				PRODUCT_NAME = "$(TARGET_NAME)";
				SWIFT_VERSION = 4.0;
				TARGETED_DEVICE_FAMILY = "1,2";
				TEST_TARGET_NAME = bookMarketApp;
			};
			name = Debug;
		};
		64515D0C1FDBF0030052C0E3 /* Release */ = {
			isa = XCBuildConfiguration;
			buildSettings = {
				ALWAYS_EMBED_SWIFT_STANDARD_LIBRARIES = YES;
				CODE_SIGN_STYLE = Automatic;
				INFOPLIST_FILE = bookMarketAppUITests/Info.plist;
				LD_RUNPATH_SEARCH_PATHS = "$(inherited) @executable_path/Frameworks @loader_path/Frameworks";
				PRODUCT_BUNDLE_IDENTIFIER = Matsuyama.bookMarketAppUITests;
				PRODUCT_NAME = "$(TARGET_NAME)";
				SWIFT_VERSION = 4.0;
				TARGETED_DEVICE_FAMILY = "1,2";
				TEST_TARGET_NAME = bookMarketApp;
			};
			name = Release;
		};
/* End XCBuildConfiguration section */

/* Begin XCConfigurationList section */
		64515CD51FDBF0020052C0E3 /* Build configuration list for PBXProject "bookMarketApp" */ = {
			isa = XCConfigurationList;
			buildConfigurations = (
				64515D021FDBF0030052C0E3 /* Debug */,
				64515D031FDBF0030052C0E3 /* Release */,
			);
			defaultConfigurationIsVisible = 0;
			defaultConfigurationName = Release;
		};
		64515D041FDBF0030052C0E3 /* Build configuration list for PBXNativeTarget "bookMarketApp" */ = {
			isa = XCConfigurationList;
			buildConfigurations = (
				64515D051FDBF0030052C0E3 /* Debug */,
				64515D061FDBF0030052C0E3 /* Release */,
			);
			defaultConfigurationIsVisible = 0;
			defaultConfigurationName = Release;
		};
		64515D071FDBF0030052C0E3 /* Build configuration list for PBXNativeTarget "bookMarketAppTests" */ = {
			isa = XCConfigurationList;
			buildConfigurations = (
				64515D081FDBF0030052C0E3 /* Debug */,
				64515D091FDBF0030052C0E3 /* Release */,
			);
			defaultConfigurationIsVisible = 0;
			defaultConfigurationName = Release;
		};
		64515D0A1FDBF0030052C0E3 /* Build configuration list for PBXNativeTarget "bookMarketAppUITests" */ = {
			isa = XCConfigurationList;
			buildConfigurations = (
				64515D0B1FDBF0030052C0E3 /* Debug */,
				64515D0C1FDBF0030052C0E3 /* Release */,
			);
			defaultConfigurationIsVisible = 0;
			defaultConfigurationName = Release;
		};
/* End XCConfigurationList section */
	};
	rootObject = 64515CD21FDBF0020052C0E3 /* Project object */;
}
