// !$*UTF8*$!
{
	archiveVersion = 1;
	classes = {
	};
	objectVersion = 48;
	objects = {

/* Begin PBXBuildFile section */
		64515CDE1FDBF0020052C0E3 /* AppDelegate.swift in Sources */ = {isa = PBXBuildFile; fileRef = 64515CDD1FDBF0020052C0E3 /* AppDelegate.swift */; };
		64515CE01FDBF0020052C0E3 /* FirstViewController.swift in Sources */ = {isa = PBXBuildFile; fileRef = 64515CDF1FDBF0020052C0E3 /* FirstViewController.swift */; };
		64515CE21FDBF0020052C0E3 /* SecondViewController.swift in Sources */ = {isa = PBXBuildFile; fileRef = 64515CE11FDBF0020052C0E3 /* SecondViewController.swift */; };
		64515CE51FDBF0020052C0E3 /* Main.storyboard in Resources */ = {isa = PBXBuildFile; fileRef = 64515CE31FDBF0020052C0E3 /* Main.storyboard */; };
		64515CE71FDBF0020052C0E3 /* Assets.xcassets in Resources */ = {isa = PBXBuildFile; fileRef = 64515CE61FDBF0020052C0E3 /* Assets.xcassets */; };
		64515CEA1FDBF0020052C0E3 /* LaunchScreen.storyboard in Resources */ = {isa = PBXBuildFile; fileRef = 64515CE81FDBF0020052C0E3 /* LaunchScreen.storyboard */; };
		64515CF51FDBF0020052C0E3 /* bookMarketAppTests.swift in Sources */ = {isa = PBXBuildFile; fileRef = 64515CF41FDBF0020052C0E3 /* bookMarketAppTests.swift */; };
		64515D001FDBF0030052C0E3 /* bookMarketAppUITests.swift in Sources */ = {isa = PBXBuildFile; fileRef = 64515CFF1FDBF0030052C0E3 /* bookMarketAppUITests.swift */; };
/* End PBXBuildFile section */

/* Begin PBXContainerItemProxy section */
		64515CF11FDBF0020052C0E3 /* PBXContainerItemProxy */ = {
			isa = PBXContainerItemProxy;
			containerPortal = 64515CD21FDBF0020052C0E3 /* Project object */;
			proxyType = 1;
			remoteGlobalIDString = 64515CD91FDBF0020052C0E3;
			remoteInfo = bookMarketApp;
		};
		64515CFC1FDBF0030052C0E3 /* PBXContainerItemProxy */ = {
			isa = PBXContainerItemProxy;
			containerPortal = 64515CD21FDBF0020052C0E3 /* Project object */;
			proxyType = 1;
			remoteGlobalIDString = 64515CD91FDBF0020052C0E3;
			remoteInfo = bookMarketApp;
		};
/* End PBXContainerItemProxy section */

/* Begin PBXFileReference section */
		64515CDA1FDBF0020052C0E3 /* bookMarketApp.app */ = {isa = PBXFileReference; explicitFileType = wrapper.application; includeInIndex = 0; path = bookMarketApp.app; sourceTree = BUILT_PRODUCTS_DIR; };
		64515CDD1FDBF0020052C0E3 /* AppDelegate.swift */ = {isa = PBXFileReference; lastKnownFileType = sourcecode.swift; path = AppDelegate.swift; sourceTree = "<group>"; };
		64515CDF1FDBF0020052C0E3 /* FirstViewController.swift */ = {isa = PBXFileReference; lastKnownFileType = sourcecode.swift; path = FirstViewController.swift; sourceTree = "<group>"; };
		64515CE11FDBF0020052C0E3 /* SecondViewController.swift */ = {isa = PBXFileReference; lastKnownFileType = sourcecode.swift; path = SecondViewController.swift; sourceTree = "<group>"; };
		64515CE41FDBF0020052C0E3 /* Base */ = {isa = PBXFileReference; lastKnownFileType = file.storyboard; name = Base; path = Base.lproj/Main.storyboard; sourceTree = "<group>"; };
		64515CE61FDBF0020052C0E3 /* Assets.xcassets */ = {isa = PBXFileReference; lastKnownFileType = folder.assetcatalog; path = Assets.xcassets; sourceTree = "<group>"; };
		64515CE91FDBF0020052C0E3 /* Base */ = {isa = PBXFileReference; lastKnownFileType = file.storyboard; name = Base; path = Base.lproj/LaunchScreen.storyboard; sourceTree = "<group>"; };
		64515CEB1FDBF0020052C0E3 /* Info.plist */ = {isa = PBXFileReference; lastKnownFileType = text.plist.xml; path = Info.plist; sourceTree = "<group>"; };
		64515CF01FDBF0020052C0E3 /* bookMarketAppTests.xctest */ = {isa = PBXFileReference; explicitFileType = wrapper.cfbundle; includeInIndex = 0; path = bookMarketAppTests.xctest; sourceTree = BUILT_PRODUCTS_DIR; };
		64515CF41FDBF0020052C0E3 /* bookMarketAppTests.swift */ = {isa = PBXFileReference; lastKnownFileType = sourcecode.swift; path = bookMarketAppTests.swift; sourceTree = "<group>"; };
		64515CF61FDBF0020052C0E3 /* Info.plist */ = {isa = PBXFileReference; lastKnownFileType = text.plist.xml; path = Info.plist; sourceTree = "<group>"; };
		64515CFB1FDBF0030052C0E3 /* bookMarketAppUITests.xctest */ = {isa = PBXFileReference; explicitFileType = wrapper.cfbundle; includeInIndex = 0; path = bookMarketAppUITests.xctest; sourceTree = BUILT_PRODUCTS_DIR; };
		64515CFF1FDBF0030052C0E3 /* bookMarketAppUITests.swift */ = {isa = PBXFileReference; lastKnownFileType = sourcecode.swift; path = bookMarketAppUITests.swift; sourceTree = "<group>"; };
		64515D011FDBF0030052C0E3 /* Info.plist */ = {isa = PBXFileReference; lastKnownFileType = text.plist.xml; path = Info.plist; sourceTree = "<group>"; };
/* End PBXFileReference section */

/* Begin PBXFrameworksBuildPhase section */
		64515CD71FDBF0020052C0E3 /* Frameworks */ = {
			isa = PBXFrameworksBuildPhase;
			buildActionMask = 2147483647;
			files = (
			);
			runOnlyForDeploymentPostprocessing = 0;
		};
		64515CED1FDBF0020052C0E3 /* Frameworks */ = {
			isa = PBXFrameworksBuildPhase;
			buildActionMask = 2147483647;
			files = (
			);
			runOnlyForDeploymentPostprocessing = 0;
		};
		64515CF81FDBF0020052C0E3 /* Frameworks */ = {
			isa = PBXFrameworksBuildPhase;
			buildActionMask = 2147483647;
			files = (
			);
			runOnlyForDeploymentPostprocessing = 0;
		};
/* End PBXFrameworksBuildPhase section */

/* Begin PBXGroup section */
		64515CD11FDBF0020052C0E3 = {
			isa = PBXGroup;
			children = (
				64515CDC1FDBF0020052C0E3 /* bookMarketApp */,
				64515CF31FDBF0020052C0E3 /* bookMarketAppTests */,
				64515CFE1FDBF0030052C0E3 /* bookMarketAppUITests */,
				64515CDB1FDBF0020052C0E3 /* Products */,
			);
			sourceTree = "<group>";
		};
		64515CDB1FDBF0020052C0E3 /* Products */ = {
			isa = PBXGroup;
			children = (
				64515CDA1FDBF0020052C0E3 /* bookMarketApp.app */,
				64515CF01FDBF0020052C0E3 /* bookMarketAppTests.xctest */,
				64515CFB1FDBF0030052C0E3 /* bookMarketAppUITests.xctest */,
			);
			name = Products;
			sourceTree = "<group>";
		};
		64515CDC1FDBF0020052C0E3 /* bookMarketApp */ = {
			isa = PBXGroup;
			children = (
				64515CDD1FDBF0020052C0E3 /* AppDelegate.swift */,
				64515CDF1FDBF0020052C0E3 /* FirstViewController.swift */,
				64515CE11FDBF0020052C0E3 /* SecondViewController.swift */,
				64515CE31FDBF0020052C0E3 /* Main.storyboard */,
				64515CE61FDBF0020052C0E3 /* Assets.xcassets */,
				64515CE81FDBF0020052C0E3 /* LaunchScreen.storyboard */,
				64515CEB1FDBF0020052C0E3 /* Info.plist */,
			);
			path = bookMarketApp;
			sourceTree = "<group>";
		};
		64515CF31FDBF0020052C0E3 /* bookMarketAppTests */ = {
			isa = PBXGroup;
			children = (
				64515CF41FDBF0020052C0E3 /* bookMarketAppTests.swift */,
				64515CF61FDBF0020052C0E3 /* Info.plist */,
			);
			path = bookMarketAppTests;
			sourceTree = "<group>";
		};
		64515CFE1FDBF0030052C0E3 /* bookMarketAppUITests */ = {
			isa = PBXGroup;
			children = (
				64515CFF1FDBF0030052C0E3 /* bookMarketAppUITests.swift */,
				64515D011FDBF0030052C0E3 /* Info.plist */,
			);
			path = bookMarketAppUITests;
			sourceTree = "<group>";
		};
/* End PBXGroup section */

/* Begin PBXNativeTarget section */
		64515CD91FDBF0020052C0E3 /* bookMarketApp */ = {
			isa = PBXNativeTarget;
			buildConfigurationList = 64515D041FDBF0030052C0E3 /* Build configuration list for PBXNativeTarget "bookMarketApp" */;
			buildPhases = (
				64515CD61FDBF0020052C0E3 /* Sources */,
				64515CD71FDBF0020052C0E3 /* Frameworks */,
				64515CD81FDBF0020052C0E3 /* Resources */,
			);
			buildRules = (
			);
			dependencies = (
			);
			name = bookMarketApp;
			productName = bookMarketApp;
			productReference = 64515CDA1FDBF0020052C0E3 /* bookMarketApp.app */;
			productType = "com.apple.product-type.application";
		};
		64515CEF1FDBF0020052C0E3 /* bookMarketAppTests */ = {
			isa = PBXNativeTarget;
			buildConfigurationList = 64515D071FDBF0030052C0E3 /* Build configuration list for PBXNativeTarget "bookMarketAppTests" */;
			buildPhases = (
				64515CEC1FDBF0020052C0E3 /* Sources */,
				64515CED1FDBF0020052C0E3 /* Frameworks */,
				64515CEE1FDBF0020052C0E3 /* Resources */,
			);
			buildRules = (
			);
			dependencies = (
				64515CF21FDBF0020052C0E3 /* PBXTargetDependency */,
			);
			name = bookMarketAppTests;
			productName = bookMarketAppTests;
			productReference = 64515CF01FDBF0020052C0E3 /* bookMarketAppTests.xctest */;
			productType = "com.apple.product-type.bundle.unit-test";
		};
		64515CFA1FDBF0020052C0E3 /* bookMarketAppUITests */ = {
			isa = PBXNativeTarget;
			buildConfigurationList = 64515D0A1FDBF0030052C0E3 /* Build configuration list for PBXNativeTarget "bookMarketAppUITests" */;
			buildPhases = (
				64515CF71FDBF0020052C0E3 /* Sources */,
				64515CF81FDBF0020052C0E3 /* Frameworks */,
				64515CF91FDBF0020052C0E3 /* Resources */,
			);
			buildRules = (
			);
			dependencies = (
				64515CFD1FDBF0030052C0E3 /* PBXTargetDependency */,
			);
			name = bookMarketAppUITests;
			productName = bookMarketAppUITests;
			productReference = 64515CFB1FDBF0030052C0E3 /* bookMarketAppUITests.xctest */;
			productType = "com.apple.product-type.bundle.ui-testing";
		};
/* End PBXNativeTarget section */

/* Begin PBXProject section */
		64515CD21FDBF0020052C0E3 /* Project object */ = {
			isa = PBXProject;
			attributes = {
				LastSwiftUpdateCheck = 0910;
				LastUpgradeCheck = 0910;
				ORGANIZATIONNAME = "Tomoya Matsuyama";
				TargetAttributes = {
					64515CD91FDBF0020052C0E3 = {
						CreatedOnToolsVersion = 9.1;
						ProvisioningStyle = Automatic;
					};
					64515CEF1FDBF0020052C0E3 = {
						CreatedOnToolsVersion = 9.1;
						ProvisioningStyle = Automatic;
						TestTargetID = 64515CD91FDBF0020052C0E3;
					};
					64515CFA1FDBF0020052C0E3 = {
						CreatedOnToolsVersion = 9.1;
						ProvisioningStyle = Automatic;
						TestTargetID = 64515CD91FDBF0020052C0E3;
					};
				};
			};
			buildConfigurationList = 64515CD51FDBF0020052C0E3 /* Build configuration list for PBXProject "bookMarketApp" */;
			compatibilityVersion = "Xcode 8.0";
			developmentRegion = en;
			hasScannedForEncodings = 0;
			knownRegions = (
				en,
				Base,
			);
			mainGroup = 64515CD11FDBF0020052C0E3;
			productRefGroup = 64515CDB1FDBF0020052C0E3 /* Products */;
			projectDirPath = "";
			projectRoot = "";
			targets = (
				64515CD91FDBF0020052C0E3 /* bookMarketApp */,
				64515CEF1FDBF0020052C0E3 /* bookMarketAppTests */,
				64515CFA1FDBF0020052C0E3 /* bookMarketAppUITests */,
			);
		};
/* End PBXProject section */

/* Begin PBXResourcesBuildPhase section */
		64515CD81FDBF0020052C0E3 /* Resources */ = {
			isa = PBXResourcesBuildPhase;
			buildActionMask = 2147483647;
			files = (
				64515CEA1FDBF0020052C0E3 /* LaunchScreen.storyboard in Resources */,
				64515CE71FDBF0020052C0E3 /* Assets.xcassets in Resources */,
				64515CE51FDBF0020052C0E3 /* Main.storyboard in Resources */,
			);
			runOnlyForDeploymentPostprocessing = 0;
		};
		64515CEE1FDBF0020052C0E3 /* Resources */ = {
			isa = PBXResourcesBuildPhase;
			buildActionMask = 2147483647;
			files = (
			);
			runOnlyForDeploymentPostprocessing = 0;
		};
		64515CF91FDBF0020052C0E3 /* Resources */ = {
			isa = PBXResourcesBuildPhase;
			buildActionMask = 2147483647;
			files = (
			);
			runOnlyForDeploymentPostprocessing = 0;
		};
/* End PBXResourcesBuildPhase section */

/* Begin PBXSourcesBuildPhase section */
		64515CD61FDBF0020052C0E3 /* Sources */ = {
			isa = PBXSourcesBuildPhase;
			buildActionMask = 2147483647;
			files = (
				64515CE21FDBF0020052C0E3 /* SecondViewController.swift in Sources */,
				64515CDE1FDBF0020052C0E3 /* AppDelegate.swift in Sources */,
				64515CE01FDBF0020052C0E3 /* FirstViewController.swift in Sources */,
			);
			runOnlyForDeploymentPostprocessing = 0;
		};
		64515CEC1FDBF0020052C0E3 /* Sources */ = {
			isa = PBXSourcesBuildPhase;
			buildActionMask = 2147483647;
			files = (
				64515CF51FDBF0020052C0E3 /* bookMarketAppTests.swift in Sources */,
			);
			runOnlyForDeploymentPostprocessing = 0;
		};
		64515CF71FDBF0020052C0E3 /* Sources */ = {
			isa = PBXSourcesBuildPhase;
			buildActionMask = 2147483647;
			files = (
				64515D001FDBF0030052C0E3 /* bookMarketAppUITests.swift in Sources */,
			);
			runOnlyForDeploymentPostprocessing = 0;
		};
/* End PBXSourcesBuildPhase section */

/* Begin PBXTargetDependency section */
		64515CF21FDBF0020052C0E3 /* PBXTargetDependency */ = {
			isa = PBXTargetDependency;
			target = 64515CD91FDBF0020052C0E3 /* bookMarketApp */;
			targetProxy = 64515CF11FDBF0020052C0E3 /* PBXContainerItemProxy */;
		};
		64515CFD1FDBF0030052C0E3 /* PBXTargetDependency */ = {
			isa = PBXTargetDependency;
			target = 64515CD91FDBF0020052C0E3 /* bookMarketApp */;
			targetProxy = 64515CFC1FDBF0030052C0E3 /* PBXContainerItemProxy */;
		};
/* End PBXTargetDependency section */

/* Begin PBXVariantGroup section */
		64515CE31FDBF0020052C0E3 /* Main.storyboard */ = {
			isa = PBXVariantGroup;
			children = (
				64515CE41FDBF0020052C0E3 /* Base */,
			);
			name = Main.storyboard;
			sourceTree = "<group>";
		};
		64515CE81FDBF0020052C0E3 /* LaunchScreen.storyboard */ = {
			isa = PBXVariantGroup;
			children = (
				64515CE91FDBF0020052C0E3 /* Base */,
			);
			name = LaunchScreen.storyboard;
			sourceTree = "<group>";
		};
/* End PBXVariantGroup section */

/* Begin XCBuildConfiguration section */
		64515D021FDBF0030052C0E3 /* Debug */ = {
			isa = XCBuildConfiguration;
			buildSettings = {
				ALWAYS_SEARCH_USER_PATHS = NO;
				CLANG_ANALYZER_NONNULL = YES;
				CLANG_ANALYZER_NUMBER_OBJECT_CONVERSION = YES_AGGRESSIVE;
				CLANG_CXX_LANGUAGE_STANDARD = "gnu++14";
				CLANG_CXX_LIBRARY = "libc++";
				CLANG_ENABLE_MODULES = YES;
				CLANG_ENABLE_OBJC_ARC = YES;
				CLANG_WARN_BLOCK_CAPTURE_AUTORELEASING = YES;
				CLANG_WARN_BOOL_CONVERSION = YES;
				CLANG_WARN_COMMA = YES;
				CLANG_WARN_CONSTANT_CONVERSION = YES;
				CLANG_WARN_DIRECT_OBJC_ISA_USAGE = YES_ERROR;
				CLANG_WARN_DOCUMENTATION_COMMENTS = YES;
				CLANG_WARN_EMPTY_BODY = YES;
				CLANG_WARN_ENUM_CONVERSION = YES;
				CLANG_WARN_INFINITE_RECURSION = YES;
				CLANG_WARN_INT_CONVERSION = YES;
				CLANG_WARN_NON_LITERAL_NULL_CONVERSION = YES;
				CLANG_WARN_OBJC_LITERAL_CONVERSION = YES;
				CLANG_WARN_OBJC_ROOT_CLASS = YES_ERROR;
				CLANG_WARN_RANGE_LOOP_ANALYSIS = YES;
				CLANG_WARN_STRICT_PROTOTYPES = YES;
				CLANG_WARN_SUSPICIOUS_MOVE = YES;
				CLANG_WARN_UNGUARDED_AVAILABILITY = YES_AGGRESSIVE;
				CLANG_WARN_UNREACHABLE_CODE = YES;
				CLANG_WARN__DUPLICATE_METHOD_MATCH = YES;
				CODE_SIGN_IDENTITY = "iPhone Developer";
				COPY_PHASE_STRIP = NO;
				DEBUG_INFORMATION_FORMAT = dwarf;
				ENABLE_STRICT_OBJC_MSGSEND = YES;
				ENABLE_TESTABILITY = YES;
				GCC_C_LANGUAGE_STANDARD = gnu11;
				GCC_DYNAMIC_NO_PIC = NO;
				GCC_NO_COMMON_BLOCKS = YES;
				GCC_OPTIMIZATION_LEVEL = 0;
				GCC_PREPROCESSOR_DEFINITIONS = (
					"DEBUG=1",
					"$(inherited)",
				);
				GCC_WARN_64_TO_32_BIT_CONVERSION = YES;
				GCC_WARN_ABOUT_RETURN_TYPE = YES_ERROR;
				GCC_WARN_UNDECLARED_SELECTOR = YES;
				GCC_WARN_UNINITIALIZED_AUTOS = YES_AGGRESSIVE;
				GCC_WARN_UNUSED_FUNCTION = YES;
				GCC_WARN_UNUSED_VARIABLE = YES;
				IPHONEOS_DEPLOYMENT_TARGET = 11.1;
				MTL_ENABLE_DEBUG_INFO = YES;
				ONLY_ACTIVE_ARCH = YES;
				SDKROOT = iphoneos;
				SWIFT_ACTIVE_COMPILATION_CONDITIONS = DEBUG;
				SWIFT_OPTIMIZATION_LEVEL = "-Onone";
			};
			name = Debug;
		};
		64515D031FDBF0030052C0E3 /* Release */ = {
			isa = XCBuildConfiguration;
			buildSettings = {
				ALWAYS_SEARCH_USER_PATHS = NO;
				CLANG_ANALYZER_NONNULL = YES;
				CLANG_ANALYZER_NUMBER_OBJECT_CONVERSION = YES_AGGRESSIVE;
				CLANG_CXX_LANGUAGE_STANDARD = "gnu++14";
				CLANG_CXX_LIBRARY = "libc++";
				CLANG_ENABLE_MODULES = YES;
				CLANG_ENABLE_OBJC_ARC = YES;
				CLANG_WARN_BLOCK_CAPTURE_AUTORELEASING = YES;
				CLANG_WARN_BOOL_CONVERSION = YES;
				CLANG_WARN_COMMA = YES;
				CLANG_WARN_CONSTANT_CONVERSION = YES;
				CLANG_WARN_DIRECT_OBJC_ISA_USAGE = YES_ERROR;
				CLANG_WARN_DOCUMENTATION_COMMENTS = YES;
				CLANG_WARN_EMPTY_BODY = YES;
				CLANG_WARN_ENUM_CONVERSION = YES;
				CLANG_WARN_INFINITE_RECURSION = YES;
				CLANG_WARN_INT_CONVERSION = YES;
				CLANG_WARN_NON_LITERAL_NULL_CONVERSION = YES;
				CLANG_WARN_OBJC_LITERAL_CONVERSION = YES;
				CLANG_WARN_OBJC_ROOT_CLASS = YES_ERROR;
				CLANG_WARN_RANGE_LOOP_ANALYSIS = YES;
				CLANG_WARN_STRICT_PROTOTYPES = YES;
				CLANG_WARN_SUSPICIOUS_MOVE = YES;
				CLANG_WARN_UNGUARDED_AVAILABILITY = YES_AGGRESSIVE;
				CLANG_WARN_UNREACHABLE_CODE = YES;
				CLANG_WARN__DUPLICATE_METHOD_MATCH = YES;
				CODE_SIGN_IDENTITY = "iPhone Developer";
				COPY_PHASE_STRIP = NO;
				DEBUG_INFORMATION_FORMAT = "dwarf-with-dsym";
				ENABLE_NS_ASSERTIONS = NO;
				ENABLE_STRICT_OBJC_MSGSEND = YES;
				GCC_C_LANGUAGE_STANDARD = gnu11;
				GCC_NO_COMMON_BLOCKS = YES;
				GCC_WARN_64_TO_32_BIT_CONVERSION = YES;
				GCC_WARN_ABOUT_RETURN_TYPE = YES_ERROR;
				GCC_WARN_UNDECLARED_SELECTOR = YES;
				GCC_WARN_UNINITIALIZED_AUTOS = YES_AGGRESSIVE;
				GCC_WARN_UNUSED_FUNCTION = YES;
				GCC_WARN_UNUSED_VARIABLE = YES;
				IPHONEOS_DEPLOYMENT_TARGET = 11.1;
				MTL_ENABLE_DEBUG_INFO = NO;
				SDKROOT = iphoneos;
				SWIFT_OPTIMIZATION_LEVEL = "-Owholemodule";
				VALIDATE_PRODUCT = YES;
			};
			name = Release;
		};
		64515D051FDBF0030052C0E3 /* Debug */ = {
			isa = XCBuildConfiguration;
			buildSettings = {
				ASSETCATALOG_COMPILER_APPICON_NAME = AppIcon;
				CODE_SIGN_STYLE = Automatic;
				INFOPLIST_FILE = bookMarketApp/Info.plist;
				LD_RUNPATH_SEARCH_PATHS = "$(inherited) @executable_path/Frameworks";
				PRODUCT_BUNDLE_IDENTIFIER = Matsuyama.bookMarketApp;
				PRODUCT_NAME = "$(TARGET_NAME)";
				SWIFT_VERSION = 4.0;
				TARGETED_DEVICE_FAMILY = "1,2";
			};
			name = Debug;
		};
		64515D061FDBF0030052C0E3 /* Release */ = {
			isa = XCBuildConfiguration;
			buildSettings = {
				ASSETCATALOG_COMPILER_APPICON_NAME = AppIcon;
				CODE_SIGN_STYLE = Automatic;
				INFOPLIST_FILE = bookMarketApp/Info.plist;
				LD_RUNPATH_SEARCH_PATHS = "$(inherited) @executable_path/Frameworks";
				PRODUCT_BUNDLE_IDENTIFIER = Matsuyama.bookMarketApp;
				PRODUCT_NAME = "$(TARGET_NAME)";
				SWIFT_VERSION = 4.0;
				TARGETED_DEVICE_FAMILY = "1,2";
			};
			name = Release;
		};
		64515D081FDBF0030052C0E3 /* Debug */ = {
			isa = XCBuildConfiguration;
			buildSettings = {
				ALWAYS_EMBED_SWIFT_STANDARD_LIBRARIES = YES;
				BUNDLE_LOADER = "$(TEST_HOST)";
				CODE_SIGN_STYLE = Automatic;
				INFOPLIST_FILE = bookMarketAppTests/Info.plist;
				LD_RUNPATH_SEARCH_PATHS = "$(inherited) @executable_path/Frameworks @loader_path/Frameworks";
				PRODUCT_BUNDLE_IDENTIFIER = Matsuyama.bookMarketAppTests;
				PRODUCT_NAME = "$(TARGET_NAME)";
				SWIFT_VERSION = 4.0;
				TARGETED_DEVICE_FAMILY = "1,2";
				TEST_HOST = "$(BUILT_PRODUCTS_DIR)/bookMarketApp.app/bookMarketApp";
			};
			name = Debug;
		};
		64515D091FDBF0030052C0E3 /* Release */ = {
			isa = XCBuildConfiguration;
			buildSettings = {
				ALWAYS_EMBED_SWIFT_STANDARD_LIBRARIES = YES;
				BUNDLE_LOADER = "$(TEST_HOST)";
				CODE_SIGN_STYLE = Automatic;
				INFOPLIST_FILE = bookMarketAppTests/Info.plist;
				LD_RUNPATH_SEARCH_PATHS = "$(inherited) @executable_path/Frameworks @loader_path/Frameworks";
				PRODUCT_BUNDLE_IDENTIFIER = Matsuyama.bookMarketAppTests;
				PRODUCT_NAME = "$(TARGET_NAME)";
				SWIFT_VERSION = 4.0;
				TARGETED_DEVICE_FAMILY = "1,2";
				TEST_HOST = "$(BUILT_PRODUCTS_DIR)/bookMarketApp.app/bookMarketApp";
			};
			name = Release;
		};
		64515D0B1FDBF0030052C0E3 /* Debug */ = {
			isa = XCBuildConfiguration;
			buildSettings = {
				ALWAYS_EMBED_SWIFT_STANDARD_LIBRARIES = YES;
				CODE_SIGN_STYLE = Automatic;
				INFOPLIST_FILE = bookMarketAppUITests/Info.plist;
				LD_RUNPATH_SEARCH_PATHS = "$(inherited) @executable_path/Frameworks @loader_path/Frameworks";
				PRODUCT_BUNDLE_IDENTIFIER = Matsuyama.bookMarketAppUITests;
				PRODUCT_NAME = "$(TARGET_NAME)";
				SWIFT_VERSION = 4.0;
				TARGETED_DEVICE_FAMILY = "1,2";
				TEST_TARGET_NAME = bookMarketApp;
			};
			name = Debug;
		};
		64515D0C1FDBF0030052C0E3 /* Release */ = {
			isa = XCBuildConfiguration;
			buildSettings = {
				ALWAYS_EMBED_SWIFT_STANDARD_LIBRARIES = YES;
				CODE_SIGN_STYLE = Automatic;
				INFOPLIST_FILE = bookMarketAppUITests/Info.plist;
				LD_RUNPATH_SEARCH_PATHS = "$(inherited) @executable_path/Frameworks @loader_path/Frameworks";
				PRODUCT_BUNDLE_IDENTIFIER = Matsuyama.bookMarketAppUITests;
				PRODUCT_NAME = "$(TARGET_NAME)";
				SWIFT_VERSION = 4.0;
				TARGETED_DEVICE_FAMILY = "1,2";
				TEST_TARGET_NAME = bookMarketApp;
			};
			name = Release;
		};
/* End XCBuildConfiguration section */

/* Begin XCConfigurationList section */
		64515CD51FDBF0020052C0E3 /* Build configuration list for PBXProject "bookMarketApp" */ = {
			isa = XCConfigurationList;
			buildConfigurations = (
				64515D021FDBF0030052C0E3 /* Debug */,
				64515D031FDBF0030052C0E3 /* Release */,
			);
			defaultConfigurationIsVisible = 0;
			defaultConfigurationName = Release;
		};
		64515D041FDBF0030052C0E3 /* Build configuration list for PBXNativeTarget "bookMarketApp" */ = {
			isa = XCConfigurationList;
			buildConfigurations = (
				64515D051FDBF0030052C0E3 /* Debug */,
				64515D061FDBF0030052C0E3 /* Release */,
			);
			defaultConfigurationIsVisible = 0;
			defaultConfigurationName = Release;
		};
		64515D071FDBF0030052C0E3 /* Build configuration list for PBXNativeTarget "bookMarketAppTests" */ = {
			isa = XCConfigurationList;
			buildConfigurations = (
				64515D081FDBF0030052C0E3 /* Debug */,
				64515D091FDBF0030052C0E3 /* Release */,
			);
			defaultConfigurationIsVisible = 0;
			defaultConfigurationName = Release;
		};
		64515D0A1FDBF0030052C0E3 /* Build configuration list for PBXNativeTarget "bookMarketAppUITests" */ = {
			isa = XCConfigurationList;
			buildConfigurations = (
				64515D0B1FDBF0030052C0E3 /* Debug */,
				64515D0C1FDBF0030052C0E3 /* Release */,
			);
			defaultConfigurationIsVisible = 0;
			defaultConfigurationName = Release;
		};
/* End XCConfigurationList section */
	};
	rootObject = 64515CD21FDBF0020052C0E3 /* Project object */;
}
